
Microsoft Visual Studio Solution File, Format Version 12.00
# Visual Studio 15
VisualStudioVersion = 15.0.28307.168
MinimumVisualStudioVersion = 10.0.40219.1
Project("{9A19103F-16F7-4668-BE54-9A1E7A4F7556}") = "Offer", "Offer\Offer.csproj", "{C04DB267-29A7-431C-8C07-9B983A8A9EE5}"
EndProject
Project("{9A19103F-16F7-4668-BE54-9A1E7A4F7556}") = "OfferTest", "OfferTest\OfferTest.csproj", "{7444B35E-519B-4DB6-9345-8DF1D399D821}"
EndProject
Project("{FAE04EC0-301F-11D3-BF4B-00C04F79EFBC}") = "Leetcode", "Leetcode\Leetcode.csproj", "{33887898-C956-4040-B10F-565C0A747479}"
EndProject
Project("{FAE04EC0-301F-11D3-BF4B-00C04F79EFBC}") = "LeetcodeTest", "LeetcodeTest\LeetcodeTest.csproj", "{752B1CBF-F25F-44DF-8B32-7AB473F45705}"
EndProject
Project("{FAE04EC0-301F-11D3-BF4B-00C04F79EFBC}") = "CommonModels", "CommonModels\CommonModels.csproj", "{5AF7904D-D3CD-4C7F-A81C-00EA5C19A4D3}"
EndProject
Global
	GlobalSection(SolutionConfigurationPlatforms) = preSolution
		Debug|Any CPU = Debug|Any CPU
		Release|Any CPU = Release|Any CPU
	EndGlobalSection
	GlobalSection(ProjectConfigurationPlatforms) = postSolution
		{C04DB267-29A7-431C-8C07-9B983A8A9EE5}.Debug|Any CPU.ActiveCfg = Debug|Any CPU
		{C04DB267-29A7-431C-8C07-9B983A8A9EE5}.Debug|Any CPU.Build.0 = Debug|Any CPU
		{C04DB267-29A7-431C-8C07-9B983A8A9EE5}.Release|Any CPU.ActiveCfg = Release|Any CPU
		{C04DB267-29A7-431C-8C07-9B983A8A9EE5}.Release|Any CPU.Build.0 = Release|Any CPU
		{7444B35E-519B-4DB6-9345-8DF1D399D821}.Debug|Any CPU.ActiveCfg = Debug|Any CPU
		{7444B35E-519B-4DB6-9345-8DF1D399D821}.Debug|Any CPU.Build.0 = Debug|Any CPU
		{7444B35E-519B-4DB6-9345-8DF1D399D821}.Release|Any CPU.ActiveCfg = Release|Any CPU
		{7444B35E-519B-4DB6-9345-8DF1D399D821}.Release|Any CPU.Build.0 = Release|Any CPU
		{33887898-C956-4040-B10F-565C0A747479}.Debug|Any CPU.ActiveCfg = Debug|Any CPU
		{33887898-C956-4040-B10F-565C0A747479}.Debug|Any CPU.Build.0 = Debug|Any CPU
		{33887898-C956-4040-B10F-565C0A747479}.Release|Any CPU.ActiveCfg = Release|Any CPU
		{33887898-C956-4040-B10F-565C0A747479}.Release|Any CPU.Build.0 = Release|Any CPU
		{752B1CBF-F25F-44DF-8B32-7AB473F45705}.Debug|Any CPU.ActiveCfg = Debug|Any CPU
		{752B1CBF-F25F-44DF-8B32-7AB473F45705}.Debug|Any CPU.Build.0 = Debug|Any CPU
		{752B1CBF-F25F-44DF-8B32-7AB473F45705}.Release|Any CPU.ActiveCfg = Release|Any CPU
		{752B1CBF-F25F-44DF-8B32-7AB473F45705}.Release|Any CPU.Build.0 = Release|Any CPU
		{5AF7904D-D3CD-4C7F-A81C-00EA5C19A4D3}.Debug|Any CPU.ActiveCfg = Debug|Any CPU
		{5AF7904D-D3CD-4C7F-A81C-00EA5C19A4D3}.Debug|Any CPU.Build.0 = Debug|Any CPU
		{5AF7904D-D3CD-4C7F-A81C-00EA5C19A4D3}.Release|Any CPU.ActiveCfg = Release|Any CPU
		{5AF7904D-D3CD-4C7F-A81C-00EA5C19A4D3}.Release|Any CPU.Build.0 = Release|Any CPU
	EndGlobalSection
	GlobalSection(SolutionProperties) = preSolution
		HideSolutionNode = FALSE
	EndGlobalSection
	GlobalSection(ExtensibilityGlobals) = postSolution
		SolutionGuid = {CB1F9B6D-2BC4-4E85-9DCC-9E6DA36F5DE6}
	EndGlobalSection
EndGlobal
